
Microsoft Visual Studio Solution File, Format Version 12.00
# Visual Studio 14
VisualStudioVersion = 14.0.25420.1
MinimumVisualStudioVersion = 10.0.40219.1
Project("{FAE04EC0-301F-11D3-BF4B-00C04F79EFBC}") = "PartyInvite", "PartyInvite\PartyInvite.csproj", "{630761B9-5D36-429D-AA9F-3BECB1704908}"
EndProject
Project("{FAE04EC0-301F-11D3-BF4B-00C04F79EFBC}") = "LanguageFeatures", "LanguageFeatures\LanguageFeatures.csproj", "{2A4C501D-851A-4723-AFB6-995DA0C24DF4}"
EndProject
Project("{FAE04EC0-301F-11D3-BF4B-00C04F79EFBC}") = "Razor", "Razor\Razor.csproj", "{32E9E2A6-7209-4BE0-A12E-45109CC720BD}"
EndProject
Project("{FAE04EC0-301F-11D3-BF4B-00C04F79EFBC}") = "EssentialTools", "EssentialTools\EssentialTools.csproj", "{673E6DC3-AFC7-486E-A251-698928A9445B}"
EndProject
Global
	GlobalSection(SolutionConfigurationPlatforms) = preSolution
		Debug|Any CPU = Debug|Any CPU
		Release|Any CPU = Release|Any CPU
	EndGlobalSection
	GlobalSection(ProjectConfigurationPlatforms) = postSolution
		{630761B9-5D36-429D-AA9F-3BECB1704908}.Debug|Any CPU.ActiveCfg = Debug|Any CPU
		{630761B9-5D36-429D-AA9F-3BECB1704908}.Debug|Any CPU.Build.0 = Debug|Any CPU
		{630761B9-5D36-429D-AA9F-3BECB1704908}.Release|Any CPU.ActiveCfg = Release|Any CPU
		{630761B9-5D36-429D-AA9F-3BECB1704908}.Release|Any CPU.Build.0 = Release|Any CPU
		{2A4C501D-851A-4723-AFB6-995DA0C24DF4}.Debug|Any CPU.ActiveCfg = Debug|Any CPU
		{2A4C501D-851A-4723-AFB6-995DA0C24DF4}.Debug|Any CPU.Build.0 = Debug|Any CPU
		{2A4C501D-851A-4723-AFB6-995DA0C24DF4}.Release|Any CPU.ActiveCfg = Release|Any CPU
		{2A4C501D-851A-4723-AFB6-995DA0C24DF4}.Release|Any CPU.Build.0 = Release|Any CPU
		{32E9E2A6-7209-4BE0-A12E-45109CC720BD}.Debug|Any CPU.ActiveCfg = Debug|Any CPU
		{32E9E2A6-7209-4BE0-A12E-45109CC720BD}.Debug|Any CPU.Build.0 = Debug|Any CPU
		{32E9E2A6-7209-4BE0-A12E-45109CC720BD}.Release|Any CPU.ActiveCfg = Release|Any CPU
		{32E9E2A6-7209-4BE0-A12E-45109CC720BD}.Release|Any CPU.Build.0 = Release|Any CPU
		{673E6DC3-AFC7-486E-A251-698928A9445B}.Debug|Any CPU.ActiveCfg = Debug|Any CPU
		{673E6DC3-AFC7-486E-A251-698928A9445B}.Debug|Any CPU.Build.0 = Debug|Any CPU
		{673E6DC3-AFC7-486E-A251-698928A9445B}.Release|Any CPU.ActiveCfg = Release|Any CPU
		{673E6DC3-AFC7-486E-A251-698928A9445B}.Release|Any CPU.Build.0 = Release|Any CPU
	EndGlobalSection
	GlobalSection(SolutionProperties) = preSolution
		HideSolutionNode = FALSE
	EndGlobalSection
EndGlobal
